
Microsoft Visual Studio Solution File, Format Version 12.00
# Visual Studio Version 17
VisualStudioVersion = 17.3.32901.215
MinimumVisualStudioVersion = 10.0.40219.1
Project("{FAE04EC0-301F-11D3-BF4B-00C04F79EFBC}") = "FileTransferManager", "FileTransferManager\FileTransferManager.csproj", "{FD4EFD52-28B5-4E81-8D44-BA289B38BE45}"
EndProject
Global
	GlobalSection(SolutionConfigurationPlatforms) = preSolution
		Debug|x64 = Debug|x64
	EndGlobalSection
	GlobalSection(ProjectConfigurationPlatforms) = postSolution
		{FD4EFD52-28B5-4E81-8D44-BA289B38BE45}.Debug|x64.ActiveCfg = Debug|x64
		{FD4EFD52-28B5-4E81-8D44-BA289B38BE45}.Debug|x64.Build.0 = Debug|x64
	EndGlobalSection
	GlobalSection(SolutionProperties) = preSolution
		HideSolutionNode = FALSE
	EndGlobalSection
	GlobalSection(ExtensibilityGlobals) = postSolution
		SolutionGuid = {FE7427DF-2463-4079-9A6D-0DA5FECC2C13}
	EndGlobalSection
EndGlobal
